
Microsoft Visual Studio Solution File, Format Version 12.00
Project("{FAE04EC0-301F-11D3-BF4B-00C04F79EFBC}") = "Appointment.API", "Appointment.API\Appointment.API.csproj", "{D885ADA2-AADB-42FF-B9D9-155A8A86396B}"
EndProject
Project("{FAE04EC0-301F-11D3-BF4B-00C04F79EFBC}") = "Appointment.Application", "Appointment.Application\Appointment.Application.csproj", "{A3F2925D-C1FD-4650-80A7-C5C917FA27B9}"
EndProject
Project("{FAE04EC0-301F-11D3-BF4B-00C04F79EFBC}") = "Appointment.Interface", "Appointment.Interface\Appointment.Interface.csproj", "{076E1403-F5AD-48C2-8293-1D2F47DBF68F}"
EndProject
Project("{FAE04EC0-301F-11D3-BF4B-00C04F79EFBC}") = "Appointment.Domain", "Appointment.Domain\Appointment.Domain.csproj", "{43A61B5B-3885-4B61-8D4E-151D512D5FC0}"
EndProject
Global
	GlobalSection(SolutionConfigurationPlatforms) = preSolution
		Debug|Any CPU = Debug|Any CPU
		Release|Any CPU = Release|Any CPU
	EndGlobalSection
	GlobalSection(ProjectConfigurationPlatforms) = postSolution
		{D885ADA2-AADB-42FF-B9D9-155A8A86396B}.Debug|Any CPU.ActiveCfg = Debug|Any CPU
		{D885ADA2-AADB-42FF-B9D9-155A8A86396B}.Debug|Any CPU.Build.0 = Debug|Any CPU
		{D885ADA2-AADB-42FF-B9D9-155A8A86396B}.Release|Any CPU.ActiveCfg = Release|Any CPU
		{D885ADA2-AADB-42FF-B9D9-155A8A86396B}.Release|Any CPU.Build.0 = Release|Any CPU
		{A3F2925D-C1FD-4650-80A7-C5C917FA27B9}.Debug|Any CPU.ActiveCfg = Debug|Any CPU
		{A3F2925D-C1FD-4650-80A7-C5C917FA27B9}.Debug|Any CPU.Build.0 = Debug|Any CPU
		{A3F2925D-C1FD-4650-80A7-C5C917FA27B9}.Release|Any CPU.ActiveCfg = Release|Any CPU
		{A3F2925D-C1FD-4650-80A7-C5C917FA27B9}.Release|Any CPU.Build.0 = Release|Any CPU
		{076E1403-F5AD-48C2-8293-1D2F47DBF68F}.Debug|Any CPU.ActiveCfg = Debug|Any CPU
		{076E1403-F5AD-48C2-8293-1D2F47DBF68F}.Debug|Any CPU.Build.0 = Debug|Any CPU
		{076E1403-F5AD-48C2-8293-1D2F47DBF68F}.Release|Any CPU.ActiveCfg = Release|Any CPU
		{076E1403-F5AD-48C2-8293-1D2F47DBF68F}.Release|Any CPU.Build.0 = Release|Any CPU
		{43A61B5B-3885-4B61-8D4E-151D512D5FC0}.Debug|Any CPU.ActiveCfg = Debug|Any CPU
		{43A61B5B-3885-4B61-8D4E-151D512D5FC0}.Debug|Any CPU.Build.0 = Debug|Any CPU
		{43A61B5B-3885-4B61-8D4E-151D512D5FC0}.Release|Any CPU.ActiveCfg = Release|Any CPU
		{43A61B5B-3885-4B61-8D4E-151D512D5FC0}.Release|Any CPU.Build.0 = Release|Any CPU
	EndGlobalSection
EndGlobal
